
Microsoft Visual Studio Solution File, Format Version 12.00
# Visual Studio Version 16
VisualStudioVersion = 16.0.30128.74
MinimumVisualStudioVersion = 10.0.40219.1
Project("{FAE04EC0-301F-11D3-BF4B-00C04F79EFBC}") = "InfoTrackDevelopmentProject", "InfoTrackDevelopmentProject.csproj", "{EDB91078-CAF5-450F-9E95-D91B33294362}"
EndProject
Global
	GlobalSection(SolutionConfigurationPlatforms) = preSolution
		Debug|Any CPU = Debug|Any CPU
		Release|Any CPU = Release|Any CPU
	EndGlobalSection
	GlobalSection(ProjectConfigurationPlatforms) = postSolution
		{EDB91078-CAF5-450F-9E95-D91B33294362}.Debug|Any CPU.ActiveCfg = Debug|Any CPU
		{EDB91078-CAF5-450F-9E95-D91B33294362}.Debug|Any CPU.Build.0 = Debug|Any CPU
		{EDB91078-CAF5-450F-9E95-D91B33294362}.Release|Any CPU.ActiveCfg = Release|Any CPU
		{EDB91078-CAF5-450F-9E95-D91B33294362}.Release|Any CPU.Build.0 = Release|Any CPU
	EndGlobalSection
	GlobalSection(SolutionProperties) = preSolution
		HideSolutionNode = FALSE
	EndGlobalSection
	GlobalSection(ExtensibilityGlobals) = postSolution
		SolutionGuid = {4733F83F-3B87-4E57-A47D-EE6FE53B1E47}
	EndGlobalSection
EndGlobal
